
Microsoft Visual Studio Solution File, Format Version 12.00
# Visual Studio Version 17
VisualStudioVersion = 17.9.34616.47
MinimumVisualStudioVersion = 10.0.40219.1
Project("{FAE04EC0-301F-11D3-BF4B-00C04F79EFBC}") = "SMTPDiag2", "SMTPDiag2\SMTPDiag2.csproj", "{4F8B749A-0438-4DF9-A469-283CA4EC8915}"
EndProject
Global
	GlobalSection(SolutionConfigurationPlatforms) = preSolution
		Debug|Any CPU = Debug|Any CPU
		Release|Any CPU = Release|Any CPU
	EndGlobalSection
	GlobalSection(ProjectConfigurationPlatforms) = postSolution
		{4F8B749A-0438-4DF9-A469-283CA4EC8915}.Debug|Any CPU.ActiveCfg = Debug|Any CPU
		{4F8B749A-0438-4DF9-A469-283CA4EC8915}.Debug|Any CPU.Build.0 = Debug|Any CPU
		{4F8B749A-0438-4DF9-A469-283CA4EC8915}.Release|Any CPU.ActiveCfg = Release|Any CPU
		{4F8B749A-0438-4DF9-A469-283CA4EC8915}.Release|Any CPU.Build.0 = Release|Any CPU
	EndGlobalSection
	GlobalSection(SolutionProperties) = preSolution
		HideSolutionNode = FALSE
	EndGlobalSection
	GlobalSection(ExtensibilityGlobals) = postSolution
		SolutionGuid = {5C0C3781-0D7A-421E-A2CD-0C67D8FC9C6B}
	EndGlobalSection
EndGlobal
